
Microsoft Visual Studio Solution File, Format Version 12.00
# Visual Studio Version 17
VisualStudioVersion = 17.14.36203.30 d17.14
MinimumVisualStudioVersion = 10.0.40219.1
Project("{FAE04EC0-301F-11D3-BF4B-00C04F79EFBC}") = "DentAssist.Web", "DentAssist.Web\DentAssist.Web.csproj", "{83C7434D-BB6F-4F96-B0D9-D6B284267362}"
EndProject
Global
	GlobalSection(SolutionConfigurationPlatforms) = preSolution
		Debug|Any CPU = Debug|Any CPU
		Release|Any CPU = Release|Any CPU
	EndGlobalSection
	GlobalSection(ProjectConfigurationPlatforms) = postSolution
		{83C7434D-BB6F-4F96-B0D9-D6B284267362}.Debug|Any CPU.ActiveCfg = Debug|Any CPU
		{83C7434D-BB6F-4F96-B0D9-D6B284267362}.Debug|Any CPU.Build.0 = Debug|Any CPU
		{83C7434D-BB6F-4F96-B0D9-D6B284267362}.Release|Any CPU.ActiveCfg = Release|Any CPU
		{83C7434D-BB6F-4F96-B0D9-D6B284267362}.Release|Any CPU.Build.0 = Release|Any CPU
	EndGlobalSection
	GlobalSection(SolutionProperties) = preSolution
		HideSolutionNode = FALSE
	EndGlobalSection
	GlobalSection(ExtensibilityGlobals) = postSolution
		SolutionGuid = {E6DB5FA1-F349-495E-91C7-65ED3D5125AB}
	EndGlobalSection
EndGlobal
